{
  "version": 4,
  "terraform_version": "0.13.3",
  "serial": 8,
  "lineage": "a8b1cf9f-98ba-bf61-677a-f1dba02dc705",
  "outputs": {
    "vault_host": {
      "value": "172.80.0.2",
      "type": "string"
    },
    "vault_port": {
      "value": 8200,
      "type": "number"
    },
    "vault_root_token": {
      "value": "MYTOKEN",
      "type": "string"
    }
  },
  "resources": [
    {
      "mode": "managed",
      "type": "docker_container",
      "name": "vault",
      "provider": "provider[\"registry.terraform.io/terraform-providers/docker\"]",
      "instances": [
        {
          "schema_version": 2,
          "attributes": {
            "attach": false,
            "bridge": "",
            "capabilities": [],
            "command": [
              "server",
              "-dev"
            ],
            "container_logs": null,
            "cpu_set": "",
            "cpu_shares": 0,
            "destroy_grace_seconds": null,
            "devices": [],
            "dns": [],
            "dns_opts": [],
            "dns_search": null,
            "domainname": "",
            "entrypoint": [
              "docker-entrypoint.sh"
            ],
            "env": [
              "VAULT_DEV_ROOT_TOKEN_ID=MYTOKEN",
              "VAULT_LOG_LEVEL=debug"
            ],
            "exit_code": null,
            "gateway": "172.80.0.1",
            "group_add": null,
            "healthcheck": [],
            "host": [],
            "hostname": "0ec9240a68ff",
            "id": "0ec9240a68ffb5a0077a90bcb37a54a4e851ac836fade4e0421a380d8959fa05",
            "image": "sha256:06dce5896cb9c169a8f8dad345d74f928812a99d935fbaa9c9135ed2b6c0423f",
            "ip_address": "172.80.0.2",
            "ip_prefix_length": 24,
            "ipc_mode": "private",
            "labels": [],
            "links": null,
            "log_driver": "json-file",
            "log_opts": {},
            "logs": false,
            "max_retry_count": 0,
            "memory": 0,
            "memory_swap": 0,
            "mounts": [],
            "must_run": true,
            "name": "vault",
            "network_alias": null,
            "network_data": [
              {
                "gateway": "172.80.0.1",
                "ip_address": "172.80.0.2",
                "ip_prefix_length": 24,
                "network_name": "bridge"
              }
            ],
            "network_mode": "default",
            "networks": null,
            "networks_advanced": [],
            "pid_mode": "",
            "ports": [
              {
                "external": 8200,
                "internal": 8200,
                "ip": "0.0.0.0",
                "protocol": "tcp"
              }
            ],
            "privileged": false,
            "publish_all_ports": false,
            "read_only": false,
            "restart": "no",
            "rm": false,
            "shm_size": 64,
            "start": true,
            "sysctls": null,
            "tmpfs": null,
            "ulimit": [],
            "upload": [],
            "user": "",
            "userns_mode": "",
            "volumes": [],
            "working_dir": ""
          },
          "private": "eyJzY2hlbWFfdmVyc2lvbiI6IjIifQ=="
        }
      ]
    }
  ]
}
