{
  "version": 4,
  "terraform_version": "0.13.3",
  "serial": 354,
  "lineage": "a8b1cf9f-98ba-bf61-677a-f1dba02dc705",
  "outputs": {
    "vault_host": {
      "value": "172.80.0.2",
      "type": "string"
    },
    "vault_port": {
      "value": 8200,
      "type": "number"
    },
    "vault_root_token": {
      "value": "MYTOKEN",
      "type": "string"
    }
  },
  "resources": [
    {
      "mode": "managed",
      "type": "docker_container",
      "name": "vault",
      "provider": "provider[\"registry.terraform.io/terraform-providers/docker\"]",
      "instances": [
        {
          "index_key": 0,
          "schema_version": 2,
          "attributes": {
            "attach": false,
            "bridge": "",
            "capabilities": [],
            "command": [
              "server",
              "-dev"
            ],
            "container_logs": null,
            "cpu_set": "",
            "cpu_shares": 0,
            "destroy_grace_seconds": null,
            "devices": [],
            "dns": [],
            "dns_opts": [],
            "dns_search": null,
            "domainname": "",
            "entrypoint": [
              "docker-entrypoint.sh"
            ],
            "env": [
              "VAULT_DEV_ROOT_TOKEN_ID=MYTOKEN",
              "VAULT_LOG_LEVEL=debug"
            ],
            "exit_code": null,
            "gateway": "172.80.0.1",
            "group_add": null,
            "healthcheck": [],
            "host": [],
            "hostname": "15e08640bc3e",
            "id": "15e08640bc3e70d225bac9fc8ec679a4353dd4447f6d8c28fe0640c60ac8d118",
            "image": "sha256:06dce5896cb9c169a8f8dad345d74f928812a99d935fbaa9c9135ed2b6c0423f",
            "ip_address": "172.80.0.2",
            "ip_prefix_length": 24,
            "ipc_mode": "private",
            "labels": [],
            "links": null,
            "log_driver": "json-file",
            "log_opts": {},
            "logs": false,
            "max_retry_count": 0,
            "memory": 0,
            "memory_swap": 0,
            "mounts": [],
            "must_run": true,
            "name": "vault",
            "network_alias": null,
            "network_data": [
              {
                "gateway": "172.80.0.1",
                "ip_address": "172.80.0.2",
                "ip_prefix_length": 24,
                "network_name": "bridge"
              }
            ],
            "network_mode": "default",
            "networks": null,
            "networks_advanced": [],
            "pid_mode": "",
            "ports": [
              {
                "external": 8200,
                "internal": 8200,
                "ip": "0.0.0.0",
                "protocol": "tcp"
              }
            ],
            "privileged": false,
            "publish_all_ports": false,
            "read_only": false,
            "restart": "no",
            "rm": false,
            "shm_size": 64,
            "start": true,
            "sysctls": null,
            "tmpfs": null,
            "ulimit": [],
            "upload": [],
            "user": "",
            "userns_mode": "",
            "volumes": [],
            "working_dir": ""
          },
          "private": "eyJzY2hlbWFfdmVyc2lvbiI6IjIifQ=="
        }
      ]
    },
    {
      "mode": "managed",
      "type": "helm_release",
      "name": "prometheus-operator",
      "provider": "provider[\"registry.terraform.io/hashicorp/helm\"]",
      "instances": [
        {
          "schema_version": 0,
          "attributes": {
            "atomic": false,
            "chart": "prometheus-community/kube-prometheus-stack",
            "cleanup_on_fail": false,
            "create_namespace": false,
            "dependency_update": false,
            "description": null,
            "devel": null,
            "disable_crd_hooks": false,
            "disable_openapi_validation": false,
            "disable_webhooks": false,
            "force_update": false,
            "id": "prometheus",
            "keyring": null,
            "lint": false,
            "max_history": 0,
            "metadata": [
              {
                "app_version": "0.43.0",
                "chart": "kube-prometheus-stack",
                "name": "prometheus",
                "namespace": "default",
                "revision": 1,
                "values": "{}",
                "version": "11.0.0"
              }
            ],
            "name": "prometheus",
            "namespace": "default",
            "postrender": [],
            "recreate_pods": false,
            "render_subchart_notes": true,
            "replace": false,
            "repository": null,
            "repository_ca_file": null,
            "repository_cert_file": null,
            "repository_key_file": null,
            "repository_password": null,
            "repository_username": null,
            "reset_values": false,
            "reuse_values": false,
            "set": [],
            "set_sensitive": [],
            "set_string": [],
            "skip_crds": false,
            "status": "deployed",
            "timeout": 300,
            "values": [],
            "verify": false,
            "version": "11.0.0",
            "wait": true
          },
          "private": "bnVsbA=="
        }
      ]
    },
    {
      "mode": "managed",
      "type": "helm_repository",
      "name": "fluxcd",
      "provider": "provider[\"registry.terraform.io/hashicorp/helm\"]",
      "instances": [
        {
          "schema_version": 0,
          "attributes": {
            "ca_file": null,
            "cert_file": null,
            "id": "fluxcd",
            "key_file": null,
            "metadata": [
              {
                "name": "fluxcd",
                "url": "https://charts.fluxcd.io"
              }
            ],
            "name": "fluxcd",
            "password": null,
            "url": "https://charts.fluxcd.io",
            "username": null
          },
          "private": "bnVsbA=="
        }
      ]
    },
    {
      "mode": "managed",
      "type": "helm_repository",
      "name": "hashicorp",
      "provider": "provider[\"registry.terraform.io/hashicorp/helm\"]",
      "instances": [
        {
          "schema_version": 0,
          "attributes": {
            "ca_file": null,
            "cert_file": null,
            "id": "hashicorp",
            "key_file": null,
            "metadata": [
              {
                "name": "hashicorp",
                "url": "https://helm.releases.hashicorp.com"
              }
            ],
            "name": "hashicorp",
            "password": null,
            "url": "https://helm.releases.hashicorp.com",
            "username": null
          },
          "private": "bnVsbA=="
        }
      ]
    },
    {
      "mode": "managed",
      "type": "helm_repository",
      "name": "prometheus",
      "provider": "provider[\"registry.terraform.io/hashicorp/helm\"]",
      "instances": [
        {
          "schema_version": 0,
          "attributes": {
            "ca_file": null,
            "cert_file": null,
            "id": "prometheus-community",
            "key_file": null,
            "metadata": [
              {
                "name": "prometheus-community",
                "url": "https://prometheus-community.github.io/helm-charts"
              }
            ],
            "name": "prometheus-community",
            "password": null,
            "url": "https://prometheus-community.github.io/helm-charts",
            "username": null
          },
          "private": "bnVsbA=="
        }
      ]
    },
    {
      "mode": "managed",
      "type": "helm_repository",
      "name": "stable",
      "provider": "provider[\"registry.terraform.io/hashicorp/helm\"]",
      "instances": [
        {
          "schema_version": 0,
          "attributes": {
            "ca_file": null,
            "cert_file": null,
            "id": "stable",
            "key_file": null,
            "metadata": [
              {
                "name": "stable",
                "url": "https://kubernetes-charts.storage.googleapis.com/"
              }
            ],
            "name": "stable",
            "password": null,
            "url": "https://kubernetes-charts.storage.googleapis.com/",
            "username": null
          },
          "private": "bnVsbA=="
        }
      ]
    }
  ]
}
